Microsoft Visual Studio Solution File, Format Version 12.00
# Visual Studio 2012
Project("{FAE04EC0-301F-11D3-BF4B-00C04F79EFBC}") = "faefolk", "faefolk.csproj", "{DEDF9B48-0F6B-40C7-BA19-93EA83EE70CC}"
EndProject
Global
	GlobalSection(SolutionConfigurationPlatforms) = preSolution
	Debug|Any CPU = Debug|Any CPU
	ExportDebug|Any CPU = ExportDebug|Any CPU
	ExportRelease|Any CPU = ExportRelease|Any CPU
	EndGlobalSection
	GlobalSection(ProjectConfigurationPlatforms) = postSolution
		{DEDF9B48-0F6B-40C7-BA19-93EA83EE70CC}.Debug|Any CPU.ActiveCfg = Debug|Any CPU
		{DEDF9B48-0F6B-40C7-BA19-93EA83EE70CC}.Debug|Any CPU.Build.0 = Debug|Any CPU
		{DEDF9B48-0F6B-40C7-BA19-93EA83EE70CC}.ExportDebug|Any CPU.ActiveCfg = ExportDebug|Any CPU
		{DEDF9B48-0F6B-40C7-BA19-93EA83EE70CC}.ExportDebug|Any CPU.Build.0 = ExportDebug|Any CPU
		{DEDF9B48-0F6B-40C7-BA19-93EA83EE70CC}.ExportRelease|Any CPU.ActiveCfg = ExportRelease|Any CPU
		{DEDF9B48-0F6B-40C7-BA19-93EA83EE70CC}.ExportRelease|Any CPU.Build.0 = ExportRelease|Any CPU
	EndGlobalSection
EndGlobal
